
Microsoft Visual Studio Solution File, Format Version 12.00
# Visual Studio Version 17
VisualStudioVersion = 17.2.32630.192
MinimumVisualStudioVersion = 10.0.40219.1
Project("{9A19103F-16F7-4668-BE54-9A1E7A4F7556}") = "praktika3", "praktika3\praktika3.csproj", "{DDD85E9C-EE95-4E3A-B90A-A82FCA9C0AC8}"
EndProject
Global
	GlobalSection(SolutionConfigurationPlatforms) = preSolution
		Debug|Any CPU = Debug|Any CPU
		Release|Any CPU = Release|Any CPU
	EndGlobalSection
	GlobalSection(ProjectConfigurationPlatforms) = postSolution
		{DDD85E9C-EE95-4E3A-B90A-A82FCA9C0AC8}.Debug|Any CPU.ActiveCfg = Debug|Any CPU
		{DDD85E9C-EE95-4E3A-B90A-A82FCA9C0AC8}.Debug|Any CPU.Build.0 = Debug|Any CPU
		{DDD85E9C-EE95-4E3A-B90A-A82FCA9C0AC8}.Release|Any CPU.ActiveCfg = Release|Any CPU
		{DDD85E9C-EE95-4E3A-B90A-A82FCA9C0AC8}.Release|Any CPU.Build.0 = Release|Any CPU
	EndGlobalSection
	GlobalSection(SolutionProperties) = preSolution
		HideSolutionNode = FALSE
	EndGlobalSection
	GlobalSection(ExtensibilityGlobals) = postSolution
		SolutionGuid = {0943D5B9-6D55-4700-8D40-7A003E0AD05C}
	EndGlobalSection
EndGlobal
